
Microsoft Visual Studio Solution File, Format Version 12.00
# Visual Studio Version 17
VisualStudioVersion = 17.11.35208.52
MinimumVisualStudioVersion = 10.0.40219.1
Project("{8BC9CEB8-8B4A-11D0-8D11-00A0C91BC942}") = "Lab3", "Lab3.vcxproj", "{786F86BE-D6C9-437C-94E7-07BA63C537EC}"
EndProject
Global
	GlobalSection(SolutionConfigurationPlatforms) = preSolution
		Debug|x64 = Debug|x64
		Debug|x86 = Debug|x86
		Release|x64 = Release|x64
		Release|x86 = Release|x86
	EndGlobalSection
	GlobalSection(ProjectConfigurationPlatforms) = postSolution
		{786F86BE-D6C9-437C-94E7-07BA63C537EC}.Debug|x64.ActiveCfg = Debug|x64
		{786F86BE-D6C9-437C-94E7-07BA63C537EC}.Debug|x64.Build.0 = Debug|x64
		{786F86BE-D6C9-437C-94E7-07BA63C537EC}.Debug|x86.ActiveCfg = Debug|Win32
		{786F86BE-D6C9-437C-94E7-07BA63C537EC}.Debug|x86.Build.0 = Debug|Win32
		{786F86BE-D6C9-437C-94E7-07BA63C537EC}.Release|x64.ActiveCfg = Release|x64
		{786F86BE-D6C9-437C-94E7-07BA63C537EC}.Release|x64.Build.0 = Release|x64
		{786F86BE-D6C9-437C-94E7-07BA63C537EC}.Release|x86.ActiveCfg = Release|Win32
		{786F86BE-D6C9-437C-94E7-07BA63C537EC}.Release|x86.Build.0 = Release|Win32
	EndGlobalSection
	GlobalSection(SolutionProperties) = preSolution
		HideSolutionNode = FALSE
	EndGlobalSection
	GlobalSection(ExtensibilityGlobals) = postSolution
		SolutionGuid = {5EC062B3-8E85-4731-B877-B0E3B4244A3B}
	EndGlobalSection
EndGlobal
